// !$*UTF8*$!
{
	archiveVersion = 1;
	classes = {
	};
	objectVersion = 50;
	objects = {

/* Begin PBXBuildFile section */
		681E97AC237BB5E00047DE10 /* DetailBarangViewController.swift in Sources */ = {isa = PBXBuildFile; fileRef = 681E97AB237BB5E00047DE10 /* DetailBarangViewController.swift */; };
		681E97AE237BB5EE0047DE10 /* EditBarangViewController.swift in Sources */ = {isa = PBXBuildFile; fileRef = 681E97AD237BB5EE0047DE10 /* EditBarangViewController.swift */; };
		6838F9532366984900FCC0D0 /* AppDelegate.swift in Sources */ = {isa = PBXBuildFile; fileRef = 6838F9522366984900FCC0D0 /* AppDelegate.swift */; };
		6838F9552366984900FCC0D0 /* SceneDelegate.swift in Sources */ = {isa = PBXBuildFile; fileRef = 6838F9542366984900FCC0D0 /* SceneDelegate.swift */; };
		6838F95A2366984900FCC0D0 /* Main.storyboard in Resources */ = {isa = PBXBuildFile; fileRef = 6838F9582366984900FCC0D0 /* Main.storyboard */; };
		6838F95C2366984E00FCC0D0 /* Assets.xcassets in Resources */ = {isa = PBXBuildFile; fileRef = 6838F95B2366984E00FCC0D0 /* Assets.xcassets */; };
		6838F95F2366984E00FCC0D0 /* LaunchScreen.storyboard in Resources */ = {isa = PBXBuildFile; fileRef = 6838F95D2366984E00FCC0D0 /* LaunchScreen.storyboard */; };
		6838F971236FD33700FCC0D0 /* CloudKit.framework in Frameworks */ = {isa = PBXBuildFile; fileRef = 6838F970236FD33700FCC0D0 /* CloudKit.framework */; };
		6838F973236FD93000FCC0D0 /* InventoryViewController.swift in Sources */ = {isa = PBXBuildFile; fileRef = 6838F972236FD93000FCC0D0 /* InventoryViewController.swift */; };
		6838F975236FD95900FCC0D0 /* AddInventoryViewController.swift in Sources */ = {isa = PBXBuildFile; fileRef = 6838F974236FD95900FCC0D0 /* AddInventoryViewController.swift */; };
		6838F98B2371309900FCC0D0 /* Report.storyboard in Resources */ = {isa = PBXBuildFile; fileRef = 6838F9892371309900FCC0D0 /* Report.storyboard */; };
		6838F98D237130A900FCC0D0 /* Inventory.storyboard in Resources */ = {isa = PBXBuildFile; fileRef = 6838F98C237130A900FCC0D0 /* Inventory.storyboard */; };
		6838F990237130B800FCC0D0 /* Cashier.storyboard in Resources */ = {isa = PBXBuildFile; fileRef = 6838F98E237130B800FCC0D0 /* Cashier.storyboard */; };
		6838F992237130CA00FCC0D0 /* Access.storyboard in Resources */ = {isa = PBXBuildFile; fileRef = 6838F991237130CA00FCC0D0 /* Access.storyboard */; };
		6838F99B23726B4100FCC0D0 /* SatuanBarangTableViewController.swift in Sources */ = {isa = PBXBuildFile; fileRef = 6838F99A23726B4100FCC0D0 /* SatuanBarangTableViewController.swift */; };
		6838F99D237276D700FCC0D0 /* FilterTableViewController.swift in Sources */ = {isa = PBXBuildFile; fileRef = 6838F99C237276D700FCC0D0 /* FilterTableViewController.swift */; };
		6838F99F23727D7A00FCC0D0 /* ClassManager.swift in Sources */ = {isa = PBXBuildFile; fileRef = 6838F99E23727D7A00FCC0D0 /* ClassManager.swift */; };
		687B54FD238E649B00137901 /* CodeViewController.swift in Sources */ = {isa = PBXBuildFile; fileRef = 687B54FC238E649B00137901 /* CodeViewController.swift */; };
		687B54FF238F7B4600137901 /* Toko.swift in Sources */ = {isa = PBXBuildFile; fileRef = 687B54FE238F7B4600137901 /* Toko.swift */; };
		687B5501238F8D3400137901 /* PairingKarywanViewController.swift in Sources */ = {isa = PBXBuildFile; fileRef = 687B5500238F8D3400137901 /* PairingKarywanViewController.swift */; };
		6891BD79239E1D20009A33A5 /* BarangBaru.swift in Sources */ = {isa = PBXBuildFile; fileRef = 6891BD78239E1D20009A33A5 /* BarangBaru.swift */; };
		6891BD83239F4314009A33A5 /* EditBarang.swift in Sources */ = {isa = PBXBuildFile; fileRef = 6891BD82239F4314009A33A5 /* EditBarang.swift */; };
		68C8E4E5237E8B6A00A5FEA0 /* KategoriTableViewController.swift in Sources */ = {isa = PBXBuildFile; fileRef = 68C8E4E4237E8B6A00A5FEA0 /* KategoriTableViewController.swift */; };
		68C8E4E723826B3100A5FEA0 /* TambahSatuanViewController.swift in Sources */ = {isa = PBXBuildFile; fileRef = 68C8E4E623826B3100A5FEA0 /* TambahSatuanViewController.swift */; };
		68C8E4E923826B4000A5FEA0 /* TambahCategoryViewController.swift in Sources */ = {isa = PBXBuildFile; fileRef = 68C8E4E823826B4000A5FEA0 /* TambahCategoryViewController.swift */; };
		68C8E4EB2383921F00A5FEA0 /* BarcodeViewController.swift in Sources */ = {isa = PBXBuildFile; fileRef = 68C8E4EA2383921F00A5FEA0 /* BarcodeViewController.swift */; };
		BD0487822372703D002E0586 /* EmployeeProfileCell.swift in Sources */ = {isa = PBXBuildFile; fileRef = BD0487812372703D002E0586 /* EmployeeProfileCell.swift */; };
		BD048785237280E7002E0586 /* People.swift in Sources */ = {isa = PBXBuildFile; fileRef = BD048784237280E7002E0586 /* People.swift */; };
		BD13BF65237BFFC600172A92 /* PaymentMethodViewController.swift in Sources */ = {isa = PBXBuildFile; fileRef = BD13BF64237BFFC600172A92 /* PaymentMethodViewController.swift */; };
		BD418672238B7B2200278097 /* OnboardingViewController.swift in Sources */ = {isa = PBXBuildFile; fileRef = BD418671238B7B2200278097 /* OnboardingViewController.swift */; };
		BD48592D2371699A0058A360 /* EmployeeListViewController.swift in Sources */ = {isa = PBXBuildFile; fileRef = BD48592C2371699A0058A360 /* EmployeeListViewController.swift */; };
		BD48592F23716ADB0058A360 /* EmployeeListCell.swift in Sources */ = {isa = PBXBuildFile; fileRef = BD48592E23716ADB0058A360 /* EmployeeListCell.swift */; };
		BD4A4B6A237D038E00F9F1FE /* Item.swift in Sources */ = {isa = PBXBuildFile; fileRef = BD4A4B69237D038E00F9F1FE /* Item.swift */; };
		BD4A4B6C237D04CC00F9F1FE /* SearchFooter.swift in Sources */ = {isa = PBXBuildFile; fileRef = BD4A4B6B237D04CC00F9F1FE /* SearchFooter.swift */; };
		BD520A91237BB8B600B19D2C /* CashierViewController.swift in Sources */ = {isa = PBXBuildFile; fileRef = BD520A90237BB8B600B19D2C /* CashierViewController.swift */; };
		BD59579323A09E040035A71C /* Transaksi.swift in Sources */ = {isa = PBXBuildFile; fileRef = BD59579223A09E040035A71C /* Transaksi.swift */; };
		BD59579523A0A9580035A71C /* TransactionSummary.swift in Sources */ = {isa = PBXBuildFile; fileRef = BD59579423A0A9580035A71C /* TransactionSummary.swift */; };
		BD734E6F2386638800779531 /* Inventory.swift in Sources */ = {isa = PBXBuildFile; fileRef = BD734E6E2386638800779531 /* Inventory.swift */; };
		BD7D39A0237BBA7900ACC1FA /* itemListTableCell.swift in Sources */ = {isa = PBXBuildFile; fileRef = BD7D399F237BBA7900ACC1FA /* itemListTableCell.swift */; };
		BD8040DE238BA89500FEC5B0 /* RegisterViewController.swift in Sources */ = {isa = PBXBuildFile; fileRef = BD8040DD238BA89500FEC5B0 /* RegisterViewController.swift */; };
		BD8040E0238BA96300FEC5B0 /* RegisterViewCell.swift in Sources */ = {isa = PBXBuildFile; fileRef = BD8040DF238BA96300FEC5B0 /* RegisterViewCell.swift */; };
		BD8040E2238BBA2E00FEC5B0 /* RoleViewController.swift in Sources */ = {isa = PBXBuildFile; fileRef = BD8040E1238BBA2E00FEC5B0 /* RoleViewController.swift */; };
		BD8040E4238BBA8300FEC5B0 /* RoleViewCell.swift in Sources */ = {isa = PBXBuildFile; fileRef = BD8040E3238BBA8300FEC5B0 /* RoleViewCell.swift */; };
		BD8040E6238BC67F00FEC5B0 /* ChooseRoleViewController.swift in Sources */ = {isa = PBXBuildFile; fileRef = BD8040E5238BC67F00FEC5B0 /* ChooseRoleViewController.swift */; };
		BD8040E8238BDA0700FEC5B0 /* TokoViewController.swift in Sources */ = {isa = PBXBuildFile; fileRef = BD8040E7238BDA0700FEC5B0 /* TokoViewController.swift */; };
		BD8D64AA2371864500A2080D /* EmployeeProfileViewController.swift in Sources */ = {isa = PBXBuildFile; fileRef = BD8D64A92371864500A2080D /* EmployeeProfileViewController.swift */; };
		BD9AD1EA238CF6820093C935 /* MainTabBarController.swift in Sources */ = {isa = PBXBuildFile; fileRef = BD9AD1E9238CF6820093C935 /* MainTabBarController.swift */; };
		BDA38F3E237BC3C300FCD5BC /* CashierCell.swift in Sources */ = {isa = PBXBuildFile; fileRef = BDA38F3C237BC3C300FCD5BC /* CashierCell.swift */; };
		BDA38F3F237BC3C300FCD5BC /* CashierCell.xib in Resources */ = {isa = PBXBuildFile; fileRef = BDA38F3D237BC3C300FCD5BC /* CashierCell.xib */; };
		BDA38F46237BCA4900FCD5BC /* itemAddedCell.swift in Sources */ = {isa = PBXBuildFile; fileRef = BDA38F44237BCA4900FCD5BC /* itemAddedCell.swift */; };
		BDA38F47237BCA4900FCD5BC /* itemAddedCell.xib in Resources */ = {isa = PBXBuildFile; fileRef = BDA38F45237BCA4900FCD5BC /* itemAddedCell.xib */; };
		BDA38F4A237BD15800FCD5BC /* PaymentMethodCell.swift in Sources */ = {isa = PBXBuildFile; fileRef = BDA38F48237BD15800FCD5BC /* PaymentMethodCell.swift */; };
		BDA38F4B237BD15800FCD5BC /* PaymentMethodCell.xib in Resources */ = {isa = PBXBuildFile; fileRef = BDA38F49237BD15800FCD5BC /* PaymentMethodCell.xib */; };
		BDA38F4E237BE47100FCD5BC /* CashierItemListViewController.swift in Sources */ = {isa = PBXBuildFile; fileRef = BDA38F4D237BE47100FCD5BC /* CashierItemListViewController.swift */; };
		BDA38F51237BEB5B00FCD5BC /* TotalPriceCell.swift in Sources */ = {isa = PBXBuildFile; fileRef = BDA38F4F237BEB5B00FCD5BC /* TotalPriceCell.swift */; };
		BDA38F52237BEB5B00FCD5BC /* TotalPriceCell.xib in Resources */ = {isa = PBXBuildFile; fileRef = BDA38F50237BEB5B00FCD5BC /* TotalPriceCell.xib */; };
		BDB738D52394DC5A003943D6 /* NavigationViewController.swift in Sources */ = {isa = PBXBuildFile; fileRef = BDB738D42394DC5A003943D6 /* NavigationViewController.swift */; };
		BDDEB2BA2384DD540025F4CB /* BarcodeScannerController.swift in Sources */ = {isa = PBXBuildFile; fileRef = BDDEB2B92384DD540025F4CB /* BarcodeScannerController.swift */; };
		FE01DFA62383A08D0098E54C /* QRScannerView.swift in Sources */ = {isa = PBXBuildFile; fileRef = FE01DFA52383A08D0098E54C /* QRScannerView.swift */; };
		FE01DFA82383A2750098E54C /* QRData.swift in Sources */ = {isa = PBXBuildFile; fileRef = FE01DFA72383A2750098E54C /* QRData.swift */; };
		FE3ABBC92372756700E19665 /* CalendarVars.swift in Sources */ = {isa = PBXBuildFile; fileRef = FE3ABBC82372756700E19665 /* CalendarVars.swift */; };
		FE3ABBCD237278D400E19665 /* calendarViewController.swift in Sources */ = {isa = PBXBuildFile; fileRef = FE3ABBCC237278D400E19665 /* calendarViewController.swift */; };
		FE5EB8E72378FF5C00DB1986 /* editProfileViewController.swift in Sources */ = {isa = PBXBuildFile; fileRef = FE5EB8E62378FF5C00DB1986 /* editProfileViewController.swift */; };
		FE6ED9FE23A233B600024874 /* itemTransaction.swift in Sources */ = {isa = PBXBuildFile; fileRef = FE6ED9FD23A233B600024874 /* itemTransaction.swift */; };
		FE88AB82238271CB00FCA480 /* selectRoleViewController.swift in Sources */ = {isa = PBXBuildFile; fileRef = FE88AB81238271CB00FCA480 /* selectRoleViewController.swift */; };
		FE906417237129D2002F3463 /* DateCollectionViewCell.swift in Sources */ = {isa = PBXBuildFile; fileRef = FE906416237129D2002F3463 /* DateCollectionViewCell.swift */; };
		FE906419237129F5002F3463 /* reportViewController.swift in Sources */ = {isa = PBXBuildFile; fileRef = FE906418237129F5002F3463 /* reportViewController.swift */; };
		FE928679238E4A800071CD9C /* ScrollCalendarCell.swift in Sources */ = {isa = PBXBuildFile; fileRef = FE928678238E4A800071CD9C /* ScrollCalendarCell.swift */; };
		FE92867B238F74970071CD9C /* totalSalesScrollCalendarCell.swift in Sources */ = {isa = PBXBuildFile; fileRef = FE92867A238F74970071CD9C /* totalSalesScrollCalendarCell.swift */; };
		FE92867F238F960D0071CD9C /* highestSalesScrollCalendarCell.swift in Sources */ = {isa = PBXBuildFile; fileRef = FE92867E238F960D0071CD9C /* highestSalesScrollCalendarCell.swift */; };
		FE9286812390BBD60071CD9C /* newItemScrollCalendarCell.swift in Sources */ = {isa = PBXBuildFile; fileRef = FE9286802390BBD60071CD9C /* newItemScrollCalendarCell.swift */; };
		FE9286832390BF430071CD9C /* editItemScrollCalendarCell.swift in Sources */ = {isa = PBXBuildFile; fileRef = FE9286822390BF430071CD9C /* editItemScrollCalendarCell.swift */; };
		FEB1D525237BDAD90082F13A /* totalSalesViewController.swift in Sources */ = {isa = PBXBuildFile; fileRef = FEB1D524237BDAD90082F13A /* totalSalesViewController.swift */; };
		FEB1D527237CF81C0082F13A /* salesDetailViewController.swift in Sources */ = {isa = PBXBuildFile; fileRef = FEB1D526237CF81C0082F13A /* salesDetailViewController.swift */; };
		FEB1D529237D14530082F13A /* highestSalesViewController.swift in Sources */ = {isa = PBXBuildFile; fileRef = FEB1D528237D14530082F13A /* highestSalesViewController.swift */; };
		FEB1D52B237D52590082F13A /* newItemViewController.swift in Sources */ = {isa = PBXBuildFile; fileRef = FEB1D52A237D52580082F13A /* newItemViewController.swift */; };
		FEB1D52D237D97250082F13A /* editItemViewController.swift in Sources */ = {isa = PBXBuildFile; fileRef = FEB1D52C237D97250082F13A /* editItemViewController.swift */; };
		FEB1D52F237DB21F0082F13A /* editItemDetailViewController.swift in Sources */ = {isa = PBXBuildFile; fileRef = FEB1D52E237DB21F0082F13A /* editItemDetailViewController.swift */; };
/* End PBXBuildFile section */

/* Begin PBXFileReference section */
		681E97AB237BB5E00047DE10 /* DetailBarangViewController.swift */ = {isa = PBXFileReference; lastKnownFileType = sourcecode.swift; path = DetailBarangViewController.swift; sourceTree = "<group>"; };
		681E97AD237BB5EE0047DE10 /* EditBarangViewController.swift */ = {isa = PBXFileReference; lastKnownFileType = sourcecode.swift; path = EditBarangViewController.swift; sourceTree = "<group>"; };
		6838F94F2366984900FCC0D0 /* Simple.app */ = {isa = PBXFileReference; explicitFileType = wrapper.application; includeInIndex = 0; path = Simple.app; sourceTree = BUILT_PRODUCTS_DIR; };
		6838F9522366984900FCC0D0 /* AppDelegate.swift */ = {isa = PBXFileReference; lastKnownFileType = sourcecode.swift; path = AppDelegate.swift; sourceTree = "<group>"; };
		6838F9542366984900FCC0D0 /* SceneDelegate.swift */ = {isa = PBXFileReference; lastKnownFileType = sourcecode.swift; path = SceneDelegate.swift; sourceTree = "<group>"; };
		6838F9592366984900FCC0D0 /* Base */ = {isa = PBXFileReference; lastKnownFileType = file.storyboard; name = Base; path = Base.lproj/Main.storyboard; sourceTree = "<group>"; };
		6838F95B2366984E00FCC0D0 /* Assets.xcassets */ = {isa = PBXFileReference; lastKnownFileType = folder.assetcatalog; path = Assets.xcassets; sourceTree = "<group>"; };
		6838F95E2366984E00FCC0D0 /* Base */ = {isa = PBXFileReference; lastKnownFileType = file.storyboard; name = Base; path = Base.lproj/LaunchScreen.storyboard; sourceTree = "<group>"; };
		6838F9602366984E00FCC0D0 /* Info.plist */ = {isa = PBXFileReference; lastKnownFileType = text.plist.xml; path = Info.plist; sourceTree = "<group>"; };
		6838F96E236FD33400FCC0D0 /* Toko Papa.entitlements */ = {isa = PBXFileReference; lastKnownFileType = text.plist.entitlements; path = "Toko Papa.entitlements"; sourceTree = "<group>"; };
		6838F970236FD33700FCC0D0 /* CloudKit.framework */ = {isa = PBXFileReference; lastKnownFileType = wrapper.framework; name = CloudKit.framework; path = System/Library/Frameworks/CloudKit.framework; sourceTree = SDKROOT; };
		6838F972236FD93000FCC0D0 /* InventoryViewController.swift */ = {isa = PBXFileReference; lastKnownFileType = sourcecode.swift; path = InventoryViewController.swift; sourceTree = "<group>"; };
		6838F974236FD95900FCC0D0 /* AddInventoryViewController.swift */ = {isa = PBXFileReference; lastKnownFileType = sourcecode.swift; path = AddInventoryViewController.swift; sourceTree = "<group>"; };
		6838F98A2371309900FCC0D0 /* Base */ = {isa = PBXFileReference; lastKnownFileType = file.storyboard; name = Base; path = "Toko Papa/Base.lproj/Report.storyboard"; sourceTree = "<group>"; };
		6838F98C237130A900FCC0D0 /* Inventory.storyboard */ = {isa = PBXFileReference; fileEncoding = 4; lastKnownFileType = file.storyboard; path = Inventory.storyboard; sourceTree = "<group>"; };
		6838F98F237130B800FCC0D0 /* Base */ = {isa = PBXFileReference; lastKnownFileType = file.storyboard; name = Base; path = "Toko Papa/Base.lproj/Cashier.storyboard"; sourceTree = "<group>"; };
		6838F991237130CA00FCC0D0 /* Access.storyboard */ = {isa = PBXFileReference; fileEncoding = 4; lastKnownFileType = file.storyboard; path = Access.storyboard; sourceTree = "<group>"; };
		6838F99A23726B4100FCC0D0 /* SatuanBarangTableViewController.swift */ = {isa = PBXFileReference; fileEncoding = 4; lastKnownFileType = sourcecode.swift; path = SatuanBarangTableViewController.swift; sourceTree = "<group>"; };
		6838F99C237276D700FCC0D0 /* FilterTableViewController.swift */ = {isa = PBXFileReference; lastKnownFileType = sourcecode.swift; path = FilterTableViewController.swift; sourceTree = "<group>"; };
		6838F99E23727D7A00FCC0D0 /* ClassManager.swift */ = {isa = PBXFileReference; lastKnownFileType = sourcecode.swift; path = ClassManager.swift; sourceTree = "<group>"; };
		687B54FC238E649B00137901 /* CodeViewController.swift */ = {isa = PBXFileReference; lastKnownFileType = sourcecode.swift; path = CodeViewController.swift; sourceTree = "<group>"; };
		687B54FE238F7B4600137901 /* Toko.swift */ = {isa = PBXFileReference; lastKnownFileType = sourcecode.swift; path = Toko.swift; sourceTree = "<group>"; };
		687B5500238F8D3400137901 /* PairingKarywanViewController.swift */ = {isa = PBXFileReference; lastKnownFileType = sourcecode.swift; path = PairingKarywanViewController.swift; sourceTree = "<group>"; };
		6891BD78239E1D20009A33A5 /* BarangBaru.swift */ = {isa = PBXFileReference; lastKnownFileType = sourcecode.swift; path = BarangBaru.swift; sourceTree = "<group>"; };
		6891BD82239F4314009A33A5 /* EditBarang.swift */ = {isa = PBXFileReference; lastKnownFileType = sourcecode.swift; path = EditBarang.swift; sourceTree = "<group>"; };
		68C8E4E4237E8B6A00A5FEA0 /* KategoriTableViewController.swift */ = {isa = PBXFileReference; lastKnownFileType = sourcecode.swift; path = KategoriTableViewController.swift; sourceTree = "<group>"; };
		68C8E4E623826B3100A5FEA0 /* TambahSatuanViewController.swift */ = {isa = PBXFileReference; lastKnownFileType = sourcecode.swift; path = TambahSatuanViewController.swift; sourceTree = "<group>"; };
		68C8E4E823826B4000A5FEA0 /* TambahCategoryViewController.swift */ = {isa = PBXFileReference; lastKnownFileType = sourcecode.swift; path = TambahCategoryViewController.swift; sourceTree = "<group>"; };
		68C8E4EA2383921F00A5FEA0 /* BarcodeViewController.swift */ = {isa = PBXFileReference; lastKnownFileType = sourcecode.swift; path = BarcodeViewController.swift; sourceTree = "<group>"; };
		BD0487812372703D002E0586 /* EmployeeProfileCell.swift */ = {isa = PBXFileReference; lastKnownFileType = sourcecode.swift; path = EmployeeProfileCell.swift; sourceTree = "<group>"; };
		BD048784237280E7002E0586 /* People.swift */ = {isa = PBXFileReference; lastKnownFileType = sourcecode.swift; path = People.swift; sourceTree = "<group>"; };
		BD13BF64237BFFC600172A92 /* PaymentMethodViewController.swift */ = {isa = PBXFileReference; lastKnownFileType = sourcecode.swift; path = PaymentMethodViewController.swift; sourceTree = "<group>"; };
		BD418671238B7B2200278097 /* OnboardingViewController.swift */ = {isa = PBXFileReference; lastKnownFileType = sourcecode.swift; path = OnboardingViewController.swift; sourceTree = "<group>"; };
		BD48592C2371699A0058A360 /* EmployeeListViewController.swift */ = {isa = PBXFileReference; lastKnownFileType = sourcecode.swift; name = EmployeeListViewController.swift; path = "Toko Papa/Controller/Access/Employee List/EmployeeListViewController.swift"; sourceTree = SOURCE_ROOT; };
		BD48592E23716ADB0058A360 /* EmployeeListCell.swift */ = {isa = PBXFileReference; lastKnownFileType = sourcecode.swift; name = EmployeeListCell.swift; path = "Toko Papa/Controller/Access/Employee List/EmployeeListCell.swift"; sourceTree = SOURCE_ROOT; };
		BD4A4B69237D038E00F9F1FE /* Item.swift */ = {isa = PBXFileReference; lastKnownFileType = sourcecode.swift; name = Item.swift; path = "Toko Papa/Assets.xcassets/Item.swift"; sourceTree = SOURCE_ROOT; };
		BD4A4B6B237D04CC00F9F1FE /* SearchFooter.swift */ = {isa = PBXFileReference; lastKnownFileType = sourcecode.swift; path = SearchFooter.swift; sourceTree = "<group>"; };
		BD520A90237BB8B600B19D2C /* CashierViewController.swift */ = {isa = PBXFileReference; lastKnownFileType = sourcecode.swift; name = CashierViewController.swift; path = "Toko Papa/Controller/Access/CashierViewController.swift"; sourceTree = SOURCE_ROOT; };
		BD59579223A09E040035A71C /* Transaksi.swift */ = {isa = PBXFileReference; lastKnownFileType = sourcecode.swift; path = Transaksi.swift; sourceTree = "<group>"; };
		BD59579423A0A9580035A71C /* TransactionSummary.swift */ = {isa = PBXFileReference; lastKnownFileType = sourcecode.swift; path = TransactionSummary.swift; sourceTree = "<group>"; };
		BD734E6E2386638800779531 /* Inventory.swift */ = {isa = PBXFileReference; lastKnownFileType = sourcecode.swift; path = Inventory.swift; sourceTree = "<group>"; };
		BD7D399F237BBA7900ACC1FA /* itemListTableCell.swift */ = {isa = PBXFileReference; lastKnownFileType = sourcecode.swift; path = itemListTableCell.swift; sourceTree = "<group>"; };
		BD8040DD238BA89500FEC5B0 /* RegisterViewController.swift */ = {isa = PBXFileReference; lastKnownFileType = sourcecode.swift; path = RegisterViewController.swift; sourceTree = "<group>"; };
		BD8040DF238BA96300FEC5B0 /* RegisterViewCell.swift */ = {isa = PBXFileReference; lastKnownFileType = sourcecode.swift; path = RegisterViewCell.swift; sourceTree = "<group>"; };
		BD8040E1238BBA2E00FEC5B0 /* RoleViewController.swift */ = {isa = PBXFileReference; lastKnownFileType = sourcecode.swift; path = RoleViewController.swift; sourceTree = "<group>"; };
		BD8040E3238BBA8300FEC5B0 /* RoleViewCell.swift */ = {isa = PBXFileReference; lastKnownFileType = sourcecode.swift; path = RoleViewCell.swift; sourceTree = "<group>"; };
		BD8040E5238BC67F00FEC5B0 /* ChooseRoleViewController.swift */ = {isa = PBXFileReference; lastKnownFileType = sourcecode.swift; path = ChooseRoleViewController.swift; sourceTree = "<group>"; };
		BD8040E7238BDA0700FEC5B0 /* TokoViewController.swift */ = {isa = PBXFileReference; lastKnownFileType = sourcecode.swift; path = TokoViewController.swift; sourceTree = "<group>"; };
		BD8D64A92371864500A2080D /* EmployeeProfileViewController.swift */ = {isa = PBXFileReference; lastKnownFileType = sourcecode.swift; path = EmployeeProfileViewController.swift; sourceTree = "<group>"; };
		BD9AD1E9238CF6820093C935 /* MainTabBarController.swift */ = {isa = PBXFileReference; lastKnownFileType = sourcecode.swift; path = MainTabBarController.swift; sourceTree = "<group>"; };
		BDA38F3C237BC3C300FCD5BC /* CashierCell.swift */ = {isa = PBXFileReference; lastKnownFileType = sourcecode.swift; path = CashierCell.swift; sourceTree = "<group>"; };
		BDA38F3D237BC3C300FCD5BC /* CashierCell.xib */ = {isa = PBXFileReference; lastKnownFileType = file.xib; path = CashierCell.xib; sourceTree = "<group>"; };
		BDA38F44237BCA4900FCD5BC /* itemAddedCell.swift */ = {isa = PBXFileReference; lastKnownFileType = sourcecode.swift; path = itemAddedCell.swift; sourceTree = "<group>"; };
		BDA38F45237BCA4900FCD5BC /* itemAddedCell.xib */ = {isa = PBXFileReference; lastKnownFileType = file.xib; path = itemAddedCell.xib; sourceTree = "<group>"; };
		BDA38F48237BD15800FCD5BC /* PaymentMethodCell.swift */ = {isa = PBXFileReference; lastKnownFileType = sourcecode.swift; path = PaymentMethodCell.swift; sourceTree = "<group>"; };
		BDA38F49237BD15800FCD5BC /* PaymentMethodCell.xib */ = {isa = PBXFileReference; lastKnownFileType = file.xib; path = PaymentMethodCell.xib; sourceTree = "<group>"; };
		BDA38F4D237BE47100FCD5BC /* CashierItemListViewController.swift */ = {isa = PBXFileReference; lastKnownFileType = sourcecode.swift; path = CashierItemListViewController.swift; sourceTree = "<group>"; };
		BDA38F4F237BEB5B00FCD5BC /* TotalPriceCell.swift */ = {isa = PBXFileReference; lastKnownFileType = sourcecode.swift; path = TotalPriceCell.swift; sourceTree = "<group>"; };
		BDA38F50237BEB5B00FCD5BC /* TotalPriceCell.xib */ = {isa = PBXFileReference; lastKnownFileType = file.xib; path = TotalPriceCell.xib; sourceTree = "<group>"; };
		BDB738D42394DC5A003943D6 /* NavigationViewController.swift */ = {isa = PBXFileReference; lastKnownFileType = sourcecode.swift; path = NavigationViewController.swift; sourceTree = "<group>"; };
		BDDEB2B92384DD540025F4CB /* BarcodeScannerController.swift */ = {isa = PBXFileReference; lastKnownFileType = sourcecode.swift; path = BarcodeScannerController.swift; sourceTree = "<group>"; };
		FE01DFA52383A08D0098E54C /* QRScannerView.swift */ = {isa = PBXFileReference; lastKnownFileType = sourcecode.swift; path = QRScannerView.swift; sourceTree = "<group>"; };
		FE01DFA72383A2750098E54C /* QRData.swift */ = {isa = PBXFileReference; lastKnownFileType = sourcecode.swift; path = QRData.swift; sourceTree = "<group>"; };
		FE3ABBC82372756700E19665 /* CalendarVars.swift */ = {isa = PBXFileReference; lastKnownFileType = sourcecode.swift; path = CalendarVars.swift; sourceTree = "<group>"; };
		FE3ABBCC237278D400E19665 /* calendarViewController.swift */ = {isa = PBXFileReference; lastKnownFileType = sourcecode.swift; path = calendarViewController.swift; sourceTree = "<group>"; };
		FE5EB8E62378FF5C00DB1986 /* editProfileViewController.swift */ = {isa = PBXFileReference; lastKnownFileType = sourcecode.swift; path = editProfileViewController.swift; sourceTree = "<group>"; };
		FE6ED9FD23A233B600024874 /* itemTransaction.swift */ = {isa = PBXFileReference; lastKnownFileType = sourcecode.swift; path = itemTransaction.swift; sourceTree = "<group>"; };
		FE88AB81238271CB00FCA480 /* selectRoleViewController.swift */ = {isa = PBXFileReference; lastKnownFileType = sourcecode.swift; path = selectRoleViewController.swift; sourceTree = "<group>"; };
		FE906416237129D2002F3463 /* DateCollectionViewCell.swift */ = {isa = PBXFileReference; lastKnownFileType = sourcecode.swift; path = DateCollectionViewCell.swift; sourceTree = "<group>"; };
		FE906418237129F5002F3463 /* reportViewController.swift */ = {isa = PBXFileReference; lastKnownFileType = sourcecode.swift; path = reportViewController.swift; sourceTree = "<group>"; };
		FE928678238E4A800071CD9C /* ScrollCalendarCell.swift */ = {isa = PBXFileReference; lastKnownFileType = sourcecode.swift; path = ScrollCalendarCell.swift; sourceTree = "<group>"; };
		FE92867A238F74970071CD9C /* totalSalesScrollCalendarCell.swift */ = {isa = PBXFileReference; lastKnownFileType = sourcecode.swift; path = totalSalesScrollCalendarCell.swift; sourceTree = "<group>"; };
		FE92867E238F960D0071CD9C /* highestSalesScrollCalendarCell.swift */ = {isa = PBXFileReference; lastKnownFileType = sourcecode.swift; path = highestSalesScrollCalendarCell.swift; sourceTree = "<group>"; };
		FE9286802390BBD60071CD9C /* newItemScrollCalendarCell.swift */ = {isa = PBXFileReference; lastKnownFileType = sourcecode.swift; path = newItemScrollCalendarCell.swift; sourceTree = "<group>"; };
		FE9286822390BF430071CD9C /* editItemScrollCalendarCell.swift */ = {isa = PBXFileReference; lastKnownFileType = sourcecode.swift; path = editItemScrollCalendarCell.swift; sourceTree = "<group>"; };
		FEB1D524237BDAD90082F13A /* totalSalesViewController.swift */ = {isa = PBXFileReference; lastKnownFileType = sourcecode.swift; path = totalSalesViewController.swift; sourceTree = "<group>"; };
		FEB1D526237CF81C0082F13A /* salesDetailViewController.swift */ = {isa = PBXFileReference; lastKnownFileType = sourcecode.swift; path = salesDetailViewController.swift; sourceTree = "<group>"; };
		FEB1D528237D14530082F13A /* highestSalesViewController.swift */ = {isa = PBXFileReference; lastKnownFileType = sourcecode.swift; path = highestSalesViewController.swift; sourceTree = "<group>"; };
		FEB1D52A237D52580082F13A /* newItemViewController.swift */ = {isa = PBXFileReference; lastKnownFileType = sourcecode.swift; path = newItemViewController.swift; sourceTree = "<group>"; };
		FEB1D52C237D97250082F13A /* editItemViewController.swift */ = {isa = PBXFileReference; lastKnownFileType = sourcecode.swift; path = editItemViewController.swift; sourceTree = "<group>"; };
		FEB1D52E237DB21F0082F13A /* editItemDetailViewController.swift */ = {isa = PBXFileReference; lastKnownFileType = sourcecode.swift; path = editItemDetailViewController.swift; sourceTree = "<group>"; };
/* End PBXFileReference section */

/* Begin PBXFrameworksBuildPhase section */
		6838F94C2366984900FCC0D0 /* Frameworks */ = {
			isa = PBXFrameworksBuildPhase;
			buildActionMask = 2147483647;
			files = (
				6838F971236FD33700FCC0D0 /* CloudKit.framework in Frameworks */,
			);
			runOnlyForDeploymentPostprocessing = 0;
		};
/* End PBXFrameworksBuildPhase section */

/* Begin PBXGroup section */
		6838F9462366984900FCC0D0 = {
			isa = PBXGroup;
			children = (
				6838F9512366984900FCC0D0 /* Toko Papa */,
				6838F9502366984900FCC0D0 /* Products */,
				6838F96F236FD33700FCC0D0 /* Frameworks */,
			);
			sourceTree = "<group>";
		};
		6838F9502366984900FCC0D0 /* Products */ = {
			isa = PBXGroup;
			children = (
				6838F94F2366984900FCC0D0 /* Simple.app */,
			);
			name = Products;
			sourceTree = "<group>";
		};
		6838F9512366984900FCC0D0 /* Toko Papa */ = {
			isa = PBXGroup;
			children = (
				BD048783237280D4002E0586 /* Model */,
				6838F993237130D200FCC0D0 /* View */,
				BD132F852371250200D8345F /* Controller */,
				6838F96E236FD33400FCC0D0 /* Toko Papa.entitlements */,
				6838F9522366984900FCC0D0 /* AppDelegate.swift */,
				6838F9542366984900FCC0D0 /* SceneDelegate.swift */,
				6838F95B2366984E00FCC0D0 /* Assets.xcassets */,
				6838F95D2366984E00FCC0D0 /* LaunchScreen.storyboard */,
				6838F9602366984E00FCC0D0 /* Info.plist */,
			);
			path = "Toko Papa";
			sourceTree = "<group>";
		};
		6838F96F236FD33700FCC0D0 /* Frameworks */ = {
			isa = PBXGroup;
			children = (
				6838F970236FD33700FCC0D0 /* CloudKit.framework */,
			);
			name = Frameworks;
			sourceTree = "<group>";
		};
		6838F993237130D200FCC0D0 /* View */ = {
			isa = PBXGroup;
			children = (
				6838F991237130CA00FCC0D0 /* Access.storyboard */,
				6838F98E237130B800FCC0D0 /* Cashier.storyboard */,
				6838F98C237130A900FCC0D0 /* Inventory.storyboard */,
				6838F9892371309900FCC0D0 /* Report.storyboard */,
				6838F9582366984900FCC0D0 /* Main.storyboard */,
			);
			path = View;
			sourceTree = "<group>";
		};
		6838F994237130EB00FCC0D0 /* Report */ = {
			isa = PBXGroup;
			children = (
				FE906416237129D2002F3463 /* DateCollectionViewCell.swift */,
				FE906418237129F5002F3463 /* reportViewController.swift */,
				FE3ABBC82372756700E19665 /* CalendarVars.swift */,
				FE3ABBCC237278D400E19665 /* calendarViewController.swift */,
				FE5EB8E62378FF5C00DB1986 /* editProfileViewController.swift */,
				FEB1D524237BDAD90082F13A /* totalSalesViewController.swift */,
				FEB1D526237CF81C0082F13A /* salesDetailViewController.swift */,
				FEB1D528237D14530082F13A /* highestSalesViewController.swift */,
				FEB1D52A237D52580082F13A /* newItemViewController.swift */,
				FEB1D52C237D97250082F13A /* editItemViewController.swift */,
				FEB1D52E237DB21F0082F13A /* editItemDetailViewController.swift */,
				FE928678238E4A800071CD9C /* ScrollCalendarCell.swift */,
				FE92867A238F74970071CD9C /* totalSalesScrollCalendarCell.swift */,
				FE92867E238F960D0071CD9C /* highestSalesScrollCalendarCell.swift */,
				FE9286802390BBD60071CD9C /* newItemScrollCalendarCell.swift */,
				FE9286822390BF430071CD9C /* editItemScrollCalendarCell.swift */,
			);
			path = Report;
			sourceTree = "<group>";
		};
		6838F995237130F800FCC0D0 /* Inventory */ = {
			isa = PBXGroup;
			children = (
				68C8E4EA2383921F00A5FEA0 /* BarcodeViewController.swift */,
				6838F972236FD93000FCC0D0 /* InventoryViewController.swift */,
				6838F974236FD95900FCC0D0 /* AddInventoryViewController.swift */,
				681E97AB237BB5E00047DE10 /* DetailBarangViewController.swift */,
				6838F99C237276D700FCC0D0 /* FilterTableViewController.swift */,
				681E97AD237BB5EE0047DE10 /* EditBarangViewController.swift */,
				6838F99A23726B4100FCC0D0 /* SatuanBarangTableViewController.swift */,
				68C8E4E623826B3100A5FEA0 /* TambahSatuanViewController.swift */,
				68C8E4E4237E8B6A00A5FEA0 /* KategoriTableViewController.swift */,
				68C8E4E823826B4000A5FEA0 /* TambahCategoryViewController.swift */,
			);
			path = Inventory;
			sourceTree = "<group>";
		};
		6838F9972371310B00FCC0D0 /* Access */ = {
			isa = PBXGroup;
			children = (
				BD485932237172280058A360 /* Employee List */,
				FE88AB81238271CB00FCA480 /* selectRoleViewController.swift */,
				687B54FC238E649B00137901 /* CodeViewController.swift */,
			);
			path = Access;
			sourceTree = "<group>";
		};
		BD048783237280D4002E0586 /* Model */ = {
			isa = PBXGroup;
			children = (
				BD048784237280E7002E0586 /* People.swift */,
				BD4A4B69237D038E00F9F1FE /* Item.swift */,
				FE01DFA72383A2750098E54C /* QRData.swift */,
				BD734E6E2386638800779531 /* Inventory.swift */,
				687B54FE238F7B4600137901 /* Toko.swift */,
				6891BD78239E1D20009A33A5 /* BarangBaru.swift */,
				6891BD82239F4314009A33A5 /* EditBarang.swift */,
				BD59579223A09E040035A71C /* Transaksi.swift */,
				BD59579423A0A9580035A71C /* TransactionSummary.swift */,
				FE6ED9FD23A233B600024874 /* itemTransaction.swift */,
			);
			path = Model;
			sourceTree = "<group>";
		};
		BD132F852371250200D8345F /* Controller */ = {
			isa = PBXGroup;
			children = (
				BD9AD1E9238CF6820093C935 /* MainTabBarController.swift */,
				BD418670238B7B0500278097 /* Onboarding */,
				BD520A8F237BB89200B19D2C /* Cashier */,
				6838F9972371310B00FCC0D0 /* Access */,
				6838F995237130F800FCC0D0 /* Inventory */,
				6838F994237130EB00FCC0D0 /* Report */,
				6838F99E23727D7A00FCC0D0 /* ClassManager.swift */,
				FE01DFA52383A08D0098E54C /* QRScannerView.swift */,
				BD4A4B6B237D04CC00F9F1FE /* SearchFooter.swift */,
				BDB738D42394DC5A003943D6 /* NavigationViewController.swift */,
			);
			path = Controller;
			sourceTree = "<group>";
		};
		BD418670238B7B0500278097 /* Onboarding */ = {
			isa = PBXGroup;
			children = (
				BD418671238B7B2200278097 /* OnboardingViewController.swift */,
				BD8040DD238BA89500FEC5B0 /* RegisterViewController.swift */,
				BD8040DF238BA96300FEC5B0 /* RegisterViewCell.swift */,
				BD8040E1238BBA2E00FEC5B0 /* RoleViewController.swift */,
				BD8040E3238BBA8300FEC5B0 /* RoleViewCell.swift */,
				BD8040E5238BC67F00FEC5B0 /* ChooseRoleViewController.swift */,
				BD8040E7238BDA0700FEC5B0 /* TokoViewController.swift */,
				687B5500238F8D3400137901 /* PairingKarywanViewController.swift */,
			);
			path = Onboarding;
			sourceTree = "<group>";
		};
		BD485932237172280058A360 /* Employee List */ = {
			isa = PBXGroup;
			children = (
				BD48592C2371699A0058A360 /* EmployeeListViewController.swift */,
				BD48592E23716ADB0058A360 /* EmployeeListCell.swift */,
				BD8D64A92371864500A2080D /* EmployeeProfileViewController.swift */,
				BD0487812372703D002E0586 /* EmployeeProfileCell.swift */,
			);
			path = "Employee List";
			sourceTree = "<group>";
		};
		BD520A8F237BB89200B19D2C /* Cashier */ = {
			isa = PBXGroup;
			children = (
				BDA38F4C237BD7C400FCD5BC /* xib */,
				BD7D399E237BBA4400ACC1FA /* Cell */,
				BD520A90237BB8B600B19D2C /* CashierViewController.swift */,
				BDA38F4D237BE47100FCD5BC /* CashierItemListViewController.swift */,
				BD13BF64237BFFC600172A92 /* PaymentMethodViewController.swift */,
				BDDEB2B92384DD540025F4CB /* BarcodeScannerController.swift */,
			);
			path = Cashier;
			sourceTree = "<group>";
		};
		BD7D399E237BBA4400ACC1FA /* Cell */ = {
			isa = PBXGroup;
			children = (
				BDA38F4F237BEB5B00FCD5BC /* TotalPriceCell.swift */,
				BD7D399F237BBA7900ACC1FA /* itemListTableCell.swift */,
				BDA38F3C237BC3C300FCD5BC /* CashierCell.swift */,
				BDA38F44237BCA4900FCD5BC /* itemAddedCell.swift */,
				BDA38F48237BD15800FCD5BC /* PaymentMethodCell.swift */,
			);
			path = Cell;
			sourceTree = "<group>";
		};
		BDA38F4C237BD7C400FCD5BC /* xib */ = {
			isa = PBXGroup;
			children = (
				BDA38F3D237BC3C300FCD5BC /* CashierCell.xib */,
				BDA38F45237BCA4900FCD5BC /* itemAddedCell.xib */,
				BDA38F49237BD15800FCD5BC /* PaymentMethodCell.xib */,
				BDA38F50237BEB5B00FCD5BC /* TotalPriceCell.xib */,
			);
			path = xib;
			sourceTree = "<group>";
		};
/* End PBXGroup section */

/* Begin PBXNativeTarget section */
		6838F94E2366984900FCC0D0 /* Toko Papa */ = {
			isa = PBXNativeTarget;
			buildConfigurationList = 6838F9632366984E00FCC0D0 /* Build configuration list for PBXNativeTarget "Toko Papa" */;
			buildPhases = (
				6838F94B2366984900FCC0D0 /* Sources */,
				6838F94C2366984900FCC0D0 /* Frameworks */,
				6838F94D2366984900FCC0D0 /* Resources */,
			);
			buildRules = (
			);
			dependencies = (
			);
			name = "Toko Papa";
			productName = "Toko Papa";
			productReference = 6838F94F2366984900FCC0D0 /* Simple.app */;
			productType = "com.apple.product-type.application";
		};
/* End PBXNativeTarget section */

/* Begin PBXProject section */
		6838F9472366984900FCC0D0 /* Project object */ = {
			isa = PBXProject;
			attributes = {
				LastSwiftUpdateCheck = 1110;
				LastUpgradeCheck = 1110;
				ORGANIZATIONNAME = "Louis  Valen";
				TargetAttributes = {
					6838F94E2366984900FCC0D0 = {
						CreatedOnToolsVersion = 11.1;
					};
				};
			};
			buildConfigurationList = 6838F94A2366984900FCC0D0 /* Build configuration list for PBXProject "Toko Papa" */;
			compatibilityVersion = "Xcode 9.3";
			developmentRegion = en;
			hasScannedForEncodings = 0;
			knownRegions = (
				en,
				Base,
			);
			mainGroup = 6838F9462366984900FCC0D0;
			productRefGroup = 6838F9502366984900FCC0D0 /* Products */;
			projectDirPath = "";
			projectRoot = "";
			targets = (
				6838F94E2366984900FCC0D0 /* Toko Papa */,
			);
		};
/* End PBXProject section */

/* Begin PBXResourcesBuildPhase section */
		6838F94D2366984900FCC0D0 /* Resources */ = {
			isa = PBXResourcesBuildPhase;
			buildActionMask = 2147483647;
			files = (
				6838F990237130B800FCC0D0 /* Cashier.storyboard in Resources */,
				BDA38F4B237BD15800FCD5BC /* PaymentMethodCell.xib in Resources */,
				6838F98B2371309900FCC0D0 /* Report.storyboard in Resources */,
				6838F95F2366984E00FCC0D0 /* LaunchScreen.storyboard in Resources */,
				6838F95C2366984E00FCC0D0 /* Assets.xcassets in Resources */,
				6838F95A2366984900FCC0D0 /* Main.storyboard in Resources */,
				6838F98D237130A900FCC0D0 /* Inventory.storyboard in Resources */,
				BDA38F47237BCA4900FCD5BC /* itemAddedCell.xib in Resources */,
				BDA38F52237BEB5B00FCD5BC /* TotalPriceCell.xib in Resources */,
				6838F992237130CA00FCC0D0 /* Access.storyboard in Resources */,
				BDA38F3F237BC3C300FCD5BC /* CashierCell.xib in Resources */,
			);
			runOnlyForDeploymentPostprocessing = 0;
		};
/* End PBXResourcesBuildPhase section */

/* Begin PBXSourcesBuildPhase section */
		6838F94B2366984900FCC0D0 /* Sources */ = {
			isa = PBXSourcesBuildPhase;
			buildActionMask = 2147483647;
			files = (
				6891BD79239E1D20009A33A5 /* BarangBaru.swift in Sources */,
				FE9286812390BBD60071CD9C /* newItemScrollCalendarCell.swift in Sources */,
				FEB1D527237CF81C0082F13A /* salesDetailViewController.swift in Sources */,
				6891BD83239F4314009A33A5 /* EditBarang.swift in Sources */,
				BDA38F51237BEB5B00FCD5BC /* TotalPriceCell.swift in Sources */,
				FE3ABBCD237278D400E19665 /* calendarViewController.swift in Sources */,
				687B54FD238E649B00137901 /* CodeViewController.swift in Sources */,
				FE3ABBC92372756700E19665 /* CalendarVars.swift in Sources */,
				BD8040E0238BA96300FEC5B0 /* RegisterViewCell.swift in Sources */,
				FE01DFA82383A2750098E54C /* QRData.swift in Sources */,
				FE88AB82238271CB00FCA480 /* selectRoleViewController.swift in Sources */,
				687B5501238F8D3400137901 /* PairingKarywanViewController.swift in Sources */,
				FE92867F238F960D0071CD9C /* highestSalesScrollCalendarCell.swift in Sources */,
				BDB738D52394DC5A003943D6 /* NavigationViewController.swift in Sources */,
				BDA38F3E237BC3C300FCD5BC /* CashierCell.swift in Sources */,
				6838F9532366984900FCC0D0 /* AppDelegate.swift in Sources */,
				BD4A4B6C237D04CC00F9F1FE /* SearchFooter.swift in Sources */,
				BDA38F4E237BE47100FCD5BC /* CashierItemListViewController.swift in Sources */,
				BD8040E4238BBA8300FEC5B0 /* RoleViewCell.swift in Sources */,
				BD0487822372703D002E0586 /* EmployeeProfileCell.swift in Sources */,
				BD59579523A0A9580035A71C /* TransactionSummary.swift in Sources */,
				BDDEB2BA2384DD540025F4CB /* BarcodeScannerController.swift in Sources */,
				6838F973236FD93000FCC0D0 /* InventoryViewController.swift in Sources */,
				FE9286832390BF430071CD9C /* editItemScrollCalendarCell.swift in Sources */,
				6838F99B23726B4100FCC0D0 /* SatuanBarangTableViewController.swift in Sources */,
				68C8E4E5237E8B6A00A5FEA0 /* KategoriTableViewController.swift in Sources */,
				FE92867B238F74970071CD9C /* totalSalesScrollCalendarCell.swift in Sources */,
				FE6ED9FE23A233B600024874 /* itemTransaction.swift in Sources */,
				BD59579323A09E040035A71C /* Transaksi.swift in Sources */,
				BD8D64AA2371864500A2080D /* EmployeeProfileViewController.swift in Sources */,
				BD048785237280E7002E0586 /* People.swift in Sources */,
				BDA38F4A237BD15800FCD5BC /* PaymentMethodCell.swift in Sources */,
				6838F975236FD95900FCC0D0 /* AddInventoryViewController.swift in Sources */,
				BD734E6F2386638800779531 /* Inventory.swift in Sources */,
				FE928679238E4A800071CD9C /* ScrollCalendarCell.swift in Sources */,
				BD8040DE238BA89500FEC5B0 /* RegisterViewController.swift in Sources */,
				FEB1D52D237D97250082F13A /* editItemViewController.swift in Sources */,
				BD8040E2238BBA2E00FEC5B0 /* RoleViewController.swift in Sources */,
				FEB1D525237BDAD90082F13A /* totalSalesViewController.swift in Sources */,
				FEB1D529237D14530082F13A /* highestSalesViewController.swift in Sources */,
				BD9AD1EA238CF6820093C935 /* MainTabBarController.swift in Sources */,
				FEB1D52F237DB21F0082F13A /* editItemDetailViewController.swift in Sources */,
				BDA38F46237BCA4900FCD5BC /* itemAddedCell.swift in Sources */,
				687B54FF238F7B4600137901 /* Toko.swift in Sources */,
				BD13BF65237BFFC600172A92 /* PaymentMethodViewController.swift in Sources */,
				BD7D39A0237BBA7900ACC1FA /* itemListTableCell.swift in Sources */,
				BD8040E8238BDA0700FEC5B0 /* TokoViewController.swift in Sources */,
				68C8E4E723826B3100A5FEA0 /* TambahSatuanViewController.swift in Sources */,
				6838F9552366984900FCC0D0 /* SceneDelegate.swift in Sources */,
				68C8E4EB2383921F00A5FEA0 /* BarcodeViewController.swift in Sources */,
				6838F99F23727D7A00FCC0D0 /* ClassManager.swift in Sources */,
				68C8E4E923826B4000A5FEA0 /* TambahCategoryViewController.swift in Sources */,
				FE5EB8E72378FF5C00DB1986 /* editProfileViewController.swift in Sources */,
				BD418672238B7B2200278097 /* OnboardingViewController.swift in Sources */,
				BD48592D2371699A0058A360 /* EmployeeListViewController.swift in Sources */,
				681E97AE237BB5EE0047DE10 /* EditBarangViewController.swift in Sources */,
				BD48592F23716ADB0058A360 /* EmployeeListCell.swift in Sources */,
				BD520A91237BB8B600B19D2C /* CashierViewController.swift in Sources */,
				BD4A4B6A237D038E00F9F1FE /* Item.swift in Sources */,
				FE906419237129F5002F3463 /* reportViewController.swift in Sources */,
				FE906417237129D2002F3463 /* DateCollectionViewCell.swift in Sources */,
				BD8040E6238BC67F00FEC5B0 /* ChooseRoleViewController.swift in Sources */,
				6838F99D237276D700FCC0D0 /* FilterTableViewController.swift in Sources */,
				681E97AC237BB5E00047DE10 /* DetailBarangViewController.swift in Sources */,
				FEB1D52B237D52590082F13A /* newItemViewController.swift in Sources */,
				FE01DFA62383A08D0098E54C /* QRScannerView.swift in Sources */,
			);
			runOnlyForDeploymentPostprocessing = 0;
		};
/* End PBXSourcesBuildPhase section */

/* Begin PBXVariantGroup section */
		6838F9582366984900FCC0D0 /* Main.storyboard */ = {
			isa = PBXVariantGroup;
			children = (
				6838F9592366984900FCC0D0 /* Base */,
			);
			name = Main.storyboard;
			sourceTree = "<group>";
		};
		6838F95D2366984E00FCC0D0 /* LaunchScreen.storyboard */ = {
			isa = PBXVariantGroup;
			children = (
				6838F95E2366984E00FCC0D0 /* Base */,
			);
			name = LaunchScreen.storyboard;
			sourceTree = "<group>";
		};
		6838F9892371309900FCC0D0 /* Report.storyboard */ = {
			isa = PBXVariantGroup;
			children = (
				6838F98A2371309900FCC0D0 /* Base */,
			);
			name = Report.storyboard;
			sourceTree = "<group>";
		};
		6838F98E237130B800FCC0D0 /* Cashier.storyboard */ = {
			isa = PBXVariantGroup;
			children = (
				6838F98F237130B800FCC0D0 /* Base */,
			);
			name = Cashier.storyboard;
			sourceTree = "<group>";
		};
/* End PBXVariantGroup section */

/* Begin XCBuildConfiguration section */
		6838F9612366984E00FCC0D0 /* Debug */ = {
			isa = XCBuildConfiguration;
			buildSettings = {
				ALWAYS_SEARCH_USER_PATHS = NO;
				CLANG_ANALYZER_NONNULL = YES;
				CLANG_ANALYZER_NUMBER_OBJECT_CONVERSION = YES_AGGRESSIVE;
				CLANG_CXX_LANGUAGE_STANDARD = "gnu++14";
				CLANG_CXX_LIBRARY = "libc++";
				CLANG_ENABLE_MODULES = YES;
				CLANG_ENABLE_OBJC_ARC = YES;
				CLANG_ENABLE_OBJC_WEAK = YES;
				CLANG_WARN_BLOCK_CAPTURE_AUTORELEASING = YES;
				CLANG_WARN_BOOL_CONVERSION = YES;
				CLANG_WARN_COMMA = YES;
				CLANG_WARN_CONSTANT_CONVERSION = YES;
				CLANG_WARN_DEPRECATED_OBJC_IMPLEMENTATIONS = YES;
				CLANG_WARN_DIRECT_OBJC_ISA_USAGE = YES_ERROR;
				CLANG_WARN_DOCUMENTATION_COMMENTS = YES;
				CLANG_WARN_EMPTY_BODY = YES;
				CLANG_WARN_ENUM_CONVERSION = YES;
				CLANG_WARN_INFINITE_RECURSION = YES;
				CLANG_WARN_INT_CONVERSION = YES;
				CLANG_WARN_NON_LITERAL_NULL_CONVERSION = YES;
				CLANG_WARN_OBJC_IMPLICIT_RETAIN_SELF = YES;
				CLANG_WARN_OBJC_LITERAL_CONVERSION = YES;
				CLANG_WARN_OBJC_ROOT_CLASS = YES_ERROR;
				CLANG_WARN_RANGE_LOOP_ANALYSIS = YES;
				CLANG_WARN_STRICT_PROTOTYPES = YES;
				CLANG_WARN_SUSPICIOUS_MOVE = YES;
				CLANG_WARN_UNGUARDED_AVAILABILITY = YES_AGGRESSIVE;
				CLANG_WARN_UNREACHABLE_CODE = YES;
				CLANG_WARN__DUPLICATE_METHOD_MATCH = YES;
				COPY_PHASE_STRIP = NO;
				DEBUG_INFORMATION_FORMAT = dwarf;
				ENABLE_STRICT_OBJC_MSGSEND = YES;
				ENABLE_TESTABILITY = YES;
				GCC_C_LANGUAGE_STANDARD = gnu11;
				GCC_DYNAMIC_NO_PIC = NO;
				GCC_NO_COMMON_BLOCKS = YES;
				GCC_OPTIMIZATION_LEVEL = 0;
				GCC_PREPROCESSOR_DEFINITIONS = (
					"DEBUG=1",
					"$(inherited)",
				);
				GCC_WARN_64_TO_32_BIT_CONVERSION = YES;
				GCC_WARN_ABOUT_RETURN_TYPE = YES_ERROR;
				GCC_WARN_UNDECLARED_SELECTOR = YES;
				GCC_WARN_UNINITIALIZED_AUTOS = YES_AGGRESSIVE;
				GCC_WARN_UNUSED_FUNCTION = YES;
				GCC_WARN_UNUSED_VARIABLE = YES;
				IPHONEOS_DEPLOYMENT_TARGET = 13.1;
				MTL_ENABLE_DEBUG_INFO = INCLUDE_SOURCE;
				MTL_FAST_MATH = YES;
				ONLY_ACTIVE_ARCH = YES;
				SDKROOT = iphoneos;
				SWIFT_ACTIVE_COMPILATION_CONDITIONS = DEBUG;
				SWIFT_OPTIMIZATION_LEVEL = "-Onone";
			};
			name = Debug;
		};
		6838F9622366984E00FCC0D0 /* Release */ = {
			isa = XCBuildConfiguration;
			buildSettings = {
				ALWAYS_SEARCH_USER_PATHS = NO;
				CLANG_ANALYZER_NONNULL = YES;
				CLANG_ANALYZER_NUMBER_OBJECT_CONVERSION = YES_AGGRESSIVE;
				CLANG_CXX_LANGUAGE_STANDARD = "gnu++14";
				CLANG_CXX_LIBRARY = "libc++";
				CLANG_ENABLE_MODULES = YES;
				CLANG_ENABLE_OBJC_ARC = YES;
				CLANG_ENABLE_OBJC_WEAK = YES;
				CLANG_WARN_BLOCK_CAPTURE_AUTORELEASING = YES;
				CLANG_WARN_BOOL_CONVERSION = YES;
				CLANG_WARN_COMMA = YES;
				CLANG_WARN_CONSTANT_CONVERSION = YES;
				CLANG_WARN_DEPRECATED_OBJC_IMPLEMENTATIONS = YES;
				CLANG_WARN_DIRECT_OBJC_ISA_USAGE = YES_ERROR;
				CLANG_WARN_DOCUMENTATION_COMMENTS = YES;
				CLANG_WARN_EMPTY_BODY = YES;
				CLANG_WARN_ENUM_CONVERSION = YES;
				CLANG_WARN_INFINITE_RECURSION = YES;
				CLANG_WARN_INT_CONVERSION = YES;
				CLANG_WARN_NON_LITERAL_NULL_CONVERSION = YES;
				CLANG_WARN_OBJC_IMPLICIT_RETAIN_SELF = YES;
				CLANG_WARN_OBJC_LITERAL_CONVERSION = YES;
				CLANG_WARN_OBJC_ROOT_CLASS = YES_ERROR;
				CLANG_WARN_RANGE_LOOP_ANALYSIS = YES;
				CLANG_WARN_STRICT_PROTOTYPES = YES;
				CLANG_WARN_SUSPICIOUS_MOVE = YES;
				CLANG_WARN_UNGUARDED_AVAILABILITY = YES_AGGRESSIVE;
				CLANG_WARN_UNREACHABLE_CODE = YES;
				CLANG_WARN__DUPLICATE_METHOD_MATCH = YES;
				COPY_PHASE_STRIP = NO;
				DEBUG_INFORMATION_FORMAT = "dwarf-with-dsym";
				ENABLE_NS_ASSERTIONS = NO;
				ENABLE_STRICT_OBJC_MSGSEND = YES;
				GCC_C_LANGUAGE_STANDARD = gnu11;
				GCC_NO_COMMON_BLOCKS = YES;
				GCC_WARN_64_TO_32_BIT_CONVERSION = YES;
				GCC_WARN_ABOUT_RETURN_TYPE = YES_ERROR;
				GCC_WARN_UNDECLARED_SELECTOR = YES;
				GCC_WARN_UNINITIALIZED_AUTOS = YES_AGGRESSIVE;
				GCC_WARN_UNUSED_FUNCTION = YES;
				GCC_WARN_UNUSED_VARIABLE = YES;
				IPHONEOS_DEPLOYMENT_TARGET = 13.1;
				MTL_ENABLE_DEBUG_INFO = NO;
				MTL_FAST_MATH = YES;
				SDKROOT = iphoneos;
				SWIFT_COMPILATION_MODE = wholemodule;
				SWIFT_OPTIMIZATION_LEVEL = "-O";
				VALIDATE_PRODUCT = YES;
			};
			name = Release;
		};
		6838F9642366984E00FCC0D0 /* Debug */ = {
			isa = XCBuildConfiguration;
			buildSettings = {
				ASSETCATALOG_COMPILER_APPICON_NAME = AppIcon;
				CODE_SIGN_ENTITLEMENTS = "Toko Papa/Toko Papa.entitlements";
				CODE_SIGN_STYLE = Automatic;
				CURRENT_PROJECT_VERSION = 1.1;
				DEVELOPMENT_TEAM = 26ZYWVZUYT;
				INFOPLIST_FILE = "Toko Papa/Info.plist";
				IPHONEOS_DEPLOYMENT_TARGET = 13.1;
				LD_RUNPATH_SEARCH_PATHS = (
					"$(inherited)",
					"@executable_path/Frameworks",
				);
				MARKETING_VERSION = 1.1;
				PRODUCT_BUNDLE_IDENTIFIER = "com.Louis.Toko-Papa";
				PRODUCT_NAME = Simple;
				SWIFT_VERSION = 5.0;
				TARGETED_DEVICE_FAMILY = 1;
			};
			name = Debug;
		};
		6838F9652366984E00FCC0D0 /* Release */ = {
			isa = XCBuildConfiguration;
			buildSettings = {
				ASSETCATALOG_COMPILER_APPICON_NAME = AppIcon;
				CODE_SIGN_ENTITLEMENTS = "Toko Papa/Toko Papa.entitlements";
				CODE_SIGN_STYLE = Automatic;
				CURRENT_PROJECT_VERSION = 1.1;
				DEVELOPMENT_TEAM = 26ZYWVZUYT;
				INFOPLIST_FILE = "Toko Papa/Info.plist";
				IPHONEOS_DEPLOYMENT_TARGET = 13.1;
				LD_RUNPATH_SEARCH_PATHS = (
					"$(inherited)",
					"@executable_path/Frameworks",
				);
				MARKETING_VERSION = 1.1;
				PRODUCT_BUNDLE_IDENTIFIER = "com.Louis.Toko-Papa";
				PRODUCT_NAME = Simple;
				SWIFT_VERSION = 5.0;
				TARGETED_DEVICE_FAMILY = 1;
			};
			name = Release;
		};
/* End XCBuildConfiguration section */

/* Begin XCConfigurationList section */
		6838F94A2366984900FCC0D0 /* Build configuration list for PBXProject "Toko Papa" */ = {
			isa = XCConfigurationList;
			buildConfigurations = (
				6838F9612366984E00FCC0D0 /* Debug */,
				6838F9622366984E00FCC0D0 /* Release */,
			);
			defaultConfigurationIsVisible = 0;
			defaultConfigurationName = Release;
		};
		6838F9632366984E00FCC0D0 /* Build configuration list for PBXNativeTarget "Toko Papa" */ = {
			isa = XCConfigurationList;
			buildConfigurations = (
				6838F9642366984E00FCC0D0 /* Debug */,
				6838F9652366984E00FCC0D0 /* Release */,
			);
			defaultConfigurationIsVisible = 0;
			defaultConfigurationName = Release;
		};
/* End XCConfigurationList section */
	};
	rootObject = 6838F9472366984900FCC0D0 /* Project object */;
}
