// !$*UTF8*$!
{
	archiveVersion = 1;
	classes = {
	};
	objectVersion = 50;
	objects = {

/* Begin PBXBuildFile section */
		6838F9532366984900FCC0D0 /* AppDelegate.swift in Sources */ = {isa = PBXBuildFile; fileRef = 6838F9522366984900FCC0D0 /* AppDelegate.swift */; };
		6838F9552366984900FCC0D0 /* SceneDelegate.swift in Sources */ = {isa = PBXBuildFile; fileRef = 6838F9542366984900FCC0D0 /* SceneDelegate.swift */; };
		6838F95A2366984900FCC0D0 /* Main.storyboard in Resources */ = {isa = PBXBuildFile; fileRef = 6838F9582366984900FCC0D0 /* Main.storyboard */; };
		6838F95C2366984E00FCC0D0 /* Assets.xcassets in Resources */ = {isa = PBXBuildFile; fileRef = 6838F95B2366984E00FCC0D0 /* Assets.xcassets */; };
		6838F95F2366984E00FCC0D0 /* LaunchScreen.storyboard in Resources */ = {isa = PBXBuildFile; fileRef = 6838F95D2366984E00FCC0D0 /* LaunchScreen.storyboard */; };
		6838F971236FD33700FCC0D0 /* CloudKit.framework in Frameworks */ = {isa = PBXBuildFile; fileRef = 6838F970236FD33700FCC0D0 /* CloudKit.framework */; };
		6838F973236FD93000FCC0D0 /* InventoryViewController.swift in Sources */ = {isa = PBXBuildFile; fileRef = 6838F972236FD93000FCC0D0 /* InventoryViewController.swift */; };
		6838F975236FD95900FCC0D0 /* AddInventoryViewController.swift in Sources */ = {isa = PBXBuildFile; fileRef = 6838F974236FD95900FCC0D0 /* AddInventoryViewController.swift */; };
		6838F98B2371309900FCC0D0 /* Report.storyboard in Resources */ = {isa = PBXBuildFile; fileRef = 6838F9892371309900FCC0D0 /* Report.storyboard */; };
		6838F98D237130A900FCC0D0 /* Inventory.storyboard in Resources */ = {isa = PBXBuildFile; fileRef = 6838F98C237130A900FCC0D0 /* Inventory.storyboard */; };
		6838F990237130B800FCC0D0 /* Cashier.storyboard in Resources */ = {isa = PBXBuildFile; fileRef = 6838F98E237130B800FCC0D0 /* Cashier.storyboard */; };
		6838F992237130CA00FCC0D0 /* Access.storyboard in Resources */ = {isa = PBXBuildFile; fileRef = 6838F991237130CA00FCC0D0 /* Access.storyboard */; };
		6838F99B23726B4100FCC0D0 /* SatuanBarangTableViewController.swift in Sources */ = {isa = PBXBuildFile; fileRef = 6838F99A23726B4100FCC0D0 /* SatuanBarangTableViewController.swift */; };
		6838F99D237276D700FCC0D0 /* FilterTableViewController.swift in Sources */ = {isa = PBXBuildFile; fileRef = 6838F99C237276D700FCC0D0 /* FilterTableViewController.swift */; };
		6838F99F23727D7A00FCC0D0 /* ImagePickerManager.swift in Sources */ = {isa = PBXBuildFile; fileRef = 6838F99E23727D7A00FCC0D0 /* ImagePickerManager.swift */; };
		BD0487822372703D002E0586 /* EmployeeProfileCell.swift in Sources */ = {isa = PBXBuildFile; fileRef = BD0487812372703D002E0586 /* EmployeeProfileCell.swift */; };
		BD048785237280E7002E0586 /* People.swift in Sources */ = {isa = PBXBuildFile; fileRef = BD048784237280E7002E0586 /* People.swift */; };
		BD04878723729EF1002E0586 /* AddEmployeeViewController.swift in Sources */ = {isa = PBXBuildFile; fileRef = BD04878623729EF1002E0586 /* AddEmployeeViewController.swift */; };
		BD04878923729F17002E0586 /* EditEmployeeProfileViewController.swift in Sources */ = {isa = PBXBuildFile; fileRef = BD04878823729F17002E0586 /* EditEmployeeProfileViewController.swift */; };
		BD04878B2372B2CA002E0586 /* EditEmployeeCell.swift in Sources */ = {isa = PBXBuildFile; fileRef = BD04878A2372B2CA002E0586 /* EditEmployeeCell.swift */; };
		BD04878D2372B2FC002E0586 /* AddEmployeeCell.swift in Sources */ = {isa = PBXBuildFile; fileRef = BD04878C2372B2FC002E0586 /* AddEmployeeCell.swift */; };
		BD48592D2371699A0058A360 /* EmployeeListViewController.swift in Sources */ = {isa = PBXBuildFile; fileRef = BD48592C2371699A0058A360 /* EmployeeListViewController.swift */; };
		BD48592F23716ADB0058A360 /* EmployeeListCell.swift in Sources */ = {isa = PBXBuildFile; fileRef = BD48592E23716ADB0058A360 /* EmployeeListCell.swift */; };
		BD8D64AA2371864500A2080D /* EmployeeProfileViewController.swift in Sources */ = {isa = PBXBuildFile; fileRef = BD8D64A92371864500A2080D /* EmployeeProfileViewController.swift */; };
		FE3ABBC92372756700E19665 /* CalendarVars.swift in Sources */ = {isa = PBXBuildFile; fileRef = FE3ABBC82372756700E19665 /* CalendarVars.swift */; };
		FE3ABBCD237278D400E19665 /* calendarViewController.swift in Sources */ = {isa = PBXBuildFile; fileRef = FE3ABBCC237278D400E19665 /* calendarViewController.swift */; };
		FE906417237129D2002F3463 /* DateCollectionViewCell.swift in Sources */ = {isa = PBXBuildFile; fileRef = FE906416237129D2002F3463 /* DateCollectionViewCell.swift */; };
		FE906419237129F5002F3463 /* reportViewController.swift in Sources */ = {isa = PBXBuildFile; fileRef = FE906418237129F5002F3463 /* reportViewController.swift */; };
/* End PBXBuildFile section */

/* Begin PBXFileReference section */
		6838F94F2366984900FCC0D0 /* Toko Papa.app */ = {isa = PBXFileReference; explicitFileType = wrapper.application; includeInIndex = 0; path = "Toko Papa.app"; sourceTree = BUILT_PRODUCTS_DIR; };
		6838F9522366984900FCC0D0 /* AppDelegate.swift */ = {isa = PBXFileReference; lastKnownFileType = sourcecode.swift; path = AppDelegate.swift; sourceTree = "<group>"; };
		6838F9542366984900FCC0D0 /* SceneDelegate.swift */ = {isa = PBXFileReference; lastKnownFileType = sourcecode.swift; path = SceneDelegate.swift; sourceTree = "<group>"; };
		6838F9592366984900FCC0D0 /* Base */ = {isa = PBXFileReference; lastKnownFileType = file.storyboard; name = Base; path = Base.lproj/Main.storyboard; sourceTree = "<group>"; };
		6838F95B2366984E00FCC0D0 /* Assets.xcassets */ = {isa = PBXFileReference; lastKnownFileType = folder.assetcatalog; path = Assets.xcassets; sourceTree = "<group>"; };
		6838F95E2366984E00FCC0D0 /* Base */ = {isa = PBXFileReference; lastKnownFileType = file.storyboard; name = Base; path = Base.lproj/LaunchScreen.storyboard; sourceTree = "<group>"; };
		6838F9602366984E00FCC0D0 /* Info.plist */ = {isa = PBXFileReference; lastKnownFileType = text.plist.xml; path = Info.plist; sourceTree = "<group>"; };
		6838F96E236FD33400FCC0D0 /* Toko Papa.entitlements */ = {isa = PBXFileReference; lastKnownFileType = text.plist.entitlements; path = "Toko Papa.entitlements"; sourceTree = "<group>"; };
		6838F970236FD33700FCC0D0 /* CloudKit.framework */ = {isa = PBXFileReference; lastKnownFileType = wrapper.framework; name = CloudKit.framework; path = System/Library/Frameworks/CloudKit.framework; sourceTree = SDKROOT; };
		6838F972236FD93000FCC0D0 /* InventoryViewController.swift */ = {isa = PBXFileReference; lastKnownFileType = sourcecode.swift; path = InventoryViewController.swift; sourceTree = "<group>"; };
		6838F974236FD95900FCC0D0 /* AddInventoryViewController.swift */ = {isa = PBXFileReference; lastKnownFileType = sourcecode.swift; path = AddInventoryViewController.swift; sourceTree = "<group>"; };
		6838F98A2371309900FCC0D0 /* Base */ = {isa = PBXFileReference; lastKnownFileType = file.storyboard; name = Base; path = "Toko Papa/Base.lproj/Report.storyboard"; sourceTree = "<group>"; };
		6838F98C237130A900FCC0D0 /* Inventory.storyboard */ = {isa = PBXFileReference; fileEncoding = 4; lastKnownFileType = file.storyboard; path = Inventory.storyboard; sourceTree = "<group>"; };
		6838F98F237130B800FCC0D0 /* Base */ = {isa = PBXFileReference; lastKnownFileType = file.storyboard; name = Base; path = "Toko Papa/Base.lproj/Cashier.storyboard"; sourceTree = "<group>"; };
		6838F991237130CA00FCC0D0 /* Access.storyboard */ = {isa = PBXFileReference; fileEncoding = 4; lastKnownFileType = file.storyboard; path = Access.storyboard; sourceTree = "<group>"; };
		6838F99A23726B4100FCC0D0 /* SatuanBarangTableViewController.swift */ = {isa = PBXFileReference; fileEncoding = 4; lastKnownFileType = sourcecode.swift; path = SatuanBarangTableViewController.swift; sourceTree = "<group>"; };
		6838F99C237276D700FCC0D0 /* FilterTableViewController.swift */ = {isa = PBXFileReference; lastKnownFileType = sourcecode.swift; path = FilterTableViewController.swift; sourceTree = "<group>"; };
		6838F99E23727D7A00FCC0D0 /* ImagePickerManager.swift */ = {isa = PBXFileReference; lastKnownFileType = sourcecode.swift; path = ImagePickerManager.swift; sourceTree = "<group>"; };
		BD0487812372703D002E0586 /* EmployeeProfileCell.swift */ = {isa = PBXFileReference; lastKnownFileType = sourcecode.swift; path = EmployeeProfileCell.swift; sourceTree = "<group>"; };
		BD048784237280E7002E0586 /* People.swift */ = {isa = PBXFileReference; lastKnownFileType = sourcecode.swift; path = People.swift; sourceTree = "<group>"; };
		BD04878623729EF1002E0586 /* AddEmployeeViewController.swift */ = {isa = PBXFileReference; fileEncoding = 4; lastKnownFileType = sourcecode.swift; path = AddEmployeeViewController.swift; sourceTree = "<group>"; };
		BD04878823729F17002E0586 /* EditEmployeeProfileViewController.swift */ = {isa = PBXFileReference; lastKnownFileType = sourcecode.swift; path = EditEmployeeProfileViewController.swift; sourceTree = "<group>"; };
		BD04878A2372B2CA002E0586 /* EditEmployeeCell.swift */ = {isa = PBXFileReference; lastKnownFileType = sourcecode.swift; path = EditEmployeeCell.swift; sourceTree = "<group>"; };
		BD04878C2372B2FC002E0586 /* AddEmployeeCell.swift */ = {isa = PBXFileReference; lastKnownFileType = sourcecode.swift; path = AddEmployeeCell.swift; sourceTree = "<group>"; };
		BD48592C2371699A0058A360 /* EmployeeListViewController.swift */ = {isa = PBXFileReference; lastKnownFileType = sourcecode.swift; name = EmployeeListViewController.swift; path = "Toko Papa/Controller/Access/Employee List/EmployeeListViewController.swift"; sourceTree = SOURCE_ROOT; };
		BD48592E23716ADB0058A360 /* EmployeeListCell.swift */ = {isa = PBXFileReference; lastKnownFileType = sourcecode.swift; name = EmployeeListCell.swift; path = "Toko Papa/Controller/Access/Employee List/EmployeeListCell.swift"; sourceTree = SOURCE_ROOT; };
		BD8D64A92371864500A2080D /* EmployeeProfileViewController.swift */ = {isa = PBXFileReference; lastKnownFileType = sourcecode.swift; path = EmployeeProfileViewController.swift; sourceTree = "<group>"; };
		FE3ABBC82372756700E19665 /* CalendarVars.swift */ = {isa = PBXFileReference; lastKnownFileType = sourcecode.swift; path = CalendarVars.swift; sourceTree = "<group>"; };
		FE3ABBCC237278D400E19665 /* calendarViewController.swift */ = {isa = PBXFileReference; lastKnownFileType = sourcecode.swift; path = calendarViewController.swift; sourceTree = "<group>"; };
		FE906416237129D2002F3463 /* DateCollectionViewCell.swift */ = {isa = PBXFileReference; lastKnownFileType = sourcecode.swift; path = DateCollectionViewCell.swift; sourceTree = "<group>"; };
		FE906418237129F5002F3463 /* reportViewController.swift */ = {isa = PBXFileReference; lastKnownFileType = sourcecode.swift; path = reportViewController.swift; sourceTree = "<group>"; };
/* End PBXFileReference section */

/* Begin PBXFrameworksBuildPhase section */
		6838F94C2366984900FCC0D0 /* Frameworks */ = {
			isa = PBXFrameworksBuildPhase;
			buildActionMask = 2147483647;
			files = (
				6838F971236FD33700FCC0D0 /* CloudKit.framework in Frameworks */,
			);
			runOnlyForDeploymentPostprocessing = 0;
		};
/* End PBXFrameworksBuildPhase section */

/* Begin PBXGroup section */
		6838F9462366984900FCC0D0 = {
			isa = PBXGroup;
			children = (
				6838F9512366984900FCC0D0 /* Toko Papa */,
				6838F9502366984900FCC0D0 /* Products */,
				6838F96F236FD33700FCC0D0 /* Frameworks */,
			);
			sourceTree = "<group>";
		};
		6838F9502366984900FCC0D0 /* Products */ = {
			isa = PBXGroup;
			children = (
				6838F94F2366984900FCC0D0 /* Toko Papa.app */,
			);
			name = Products;
			sourceTree = "<group>";
		};
		6838F9512366984900FCC0D0 /* Toko Papa */ = {
			isa = PBXGroup;
			children = (
				BD048783237280D4002E0586 /* Model */,
				6838F993237130D200FCC0D0 /* View */,
				BD132F852371250200D8345F /* Controller */,
				6838F96E236FD33400FCC0D0 /* Toko Papa.entitlements */,
				6838F9522366984900FCC0D0 /* AppDelegate.swift */,
				6838F9542366984900FCC0D0 /* SceneDelegate.swift */,
				6838F95B2366984E00FCC0D0 /* Assets.xcassets */,
				6838F95D2366984E00FCC0D0 /* LaunchScreen.storyboard */,
				6838F9602366984E00FCC0D0 /* Info.plist */,
			);
			path = "Toko Papa";
			sourceTree = "<group>";
		};
		6838F96F236FD33700FCC0D0 /* Frameworks */ = {
			isa = PBXGroup;
			children = (
				6838F970236FD33700FCC0D0 /* CloudKit.framework */,
			);
			name = Frameworks;
			sourceTree = "<group>";
		};
		6838F993237130D200FCC0D0 /* View */ = {
			isa = PBXGroup;
			children = (
				6838F991237130CA00FCC0D0 /* Access.storyboard */,
				6838F98E237130B800FCC0D0 /* Cashier.storyboard */,
				6838F98C237130A900FCC0D0 /* Inventory.storyboard */,
				6838F9892371309900FCC0D0 /* Report.storyboard */,
				6838F9582366984900FCC0D0 /* Main.storyboard */,
			);
			path = View;
			sourceTree = "<group>";
		};
		6838F994237130EB00FCC0D0 /* Report */ = {
			isa = PBXGroup;
			children = (
				FE906416237129D2002F3463 /* DateCollectionViewCell.swift */,
				FE906418237129F5002F3463 /* reportViewController.swift */,
				FE3ABBC82372756700E19665 /* CalendarVars.swift */,
				FE3ABBCC237278D400E19665 /* calendarViewController.swift */,
			);
			path = Report;
			sourceTree = "<group>";
		};
		6838F995237130F800FCC0D0 /* Inventory */ = {
			isa = PBXGroup;
			children = (
				6838F972236FD93000FCC0D0 /* InventoryViewController.swift */,
				6838F974236FD95900FCC0D0 /* AddInventoryViewController.swift */,
				6838F99A23726B4100FCC0D0 /* SatuanBarangTableViewController.swift */,
				6838F99C237276D700FCC0D0 /* FilterTableViewController.swift */,
			);
			path = Inventory;
			sourceTree = "<group>";
		};
		6838F9962371310100FCC0D0 /* Cashier */ = {
			isa = PBXGroup;
			children = (
			);
			path = Cashier;
			sourceTree = "<group>";
		};
		6838F9972371310B00FCC0D0 /* Access */ = {
			isa = PBXGroup;
			children = (
				BD485932237172280058A360 /* Employee List */,
				BD4859332371726C0058A360 /* Add New & Edit Employee */,
			);
			path = Access;
			sourceTree = "<group>";
		};
		BD048783237280D4002E0586 /* Model */ = {
			isa = PBXGroup;
			children = (
				BD048784237280E7002E0586 /* People.swift */,
			);
			path = Model;
			sourceTree = "<group>";
		};
		BD132F852371250200D8345F /* Controller */ = {
			isa = PBXGroup;
			children = (
				6838F9972371310B00FCC0D0 /* Access */,
				6838F9962371310100FCC0D0 /* Cashier */,
				6838F995237130F800FCC0D0 /* Inventory */,
				6838F994237130EB00FCC0D0 /* Report */,
				6838F99E23727D7A00FCC0D0 /* ImagePickerManager.swift */,
			);
			path = Controller;
			sourceTree = "<group>";
		};
		BD485932237172280058A360 /* Employee List */ = {
			isa = PBXGroup;
			children = (
				BD48592C2371699A0058A360 /* EmployeeListViewController.swift */,
				BD48592E23716ADB0058A360 /* EmployeeListCell.swift */,
				BD8D64A92371864500A2080D /* EmployeeProfileViewController.swift */,
				BD0487812372703D002E0586 /* EmployeeProfileCell.swift */,
			);
			path = "Employee List";
			sourceTree = "<group>";
		};
		BD4859332371726C0058A360 /* Add New & Edit Employee */ = {
			isa = PBXGroup;
			children = (
				BD04878623729EF1002E0586 /* AddEmployeeViewController.swift */,
				BD04878823729F17002E0586 /* EditEmployeeProfileViewController.swift */,
				BD04878A2372B2CA002E0586 /* EditEmployeeCell.swift */,
				BD04878C2372B2FC002E0586 /* AddEmployeeCell.swift */,
			);
			path = "Add New & Edit Employee";
			sourceTree = "<group>";
		};
/* End PBXGroup section */

/* Begin PBXNativeTarget section */
		6838F94E2366984900FCC0D0 /* Toko Papa */ = {
			isa = PBXNativeTarget;
			buildConfigurationList = 6838F9632366984E00FCC0D0 /* Build configuration list for PBXNativeTarget "Toko Papa" */;
			buildPhases = (
				6838F94B2366984900FCC0D0 /* Sources */,
				6838F94C2366984900FCC0D0 /* Frameworks */,
				6838F94D2366984900FCC0D0 /* Resources */,
			);
			buildRules = (
			);
			dependencies = (
			);
			name = "Toko Papa";
			productName = "Toko Papa";
			productReference = 6838F94F2366984900FCC0D0 /* Toko Papa.app */;
			productType = "com.apple.product-type.application";
		};
/* End PBXNativeTarget section */

/* Begin PBXProject section */
		6838F9472366984900FCC0D0 /* Project object */ = {
			isa = PBXProject;
			attributes = {
				LastSwiftUpdateCheck = 1110;
				LastUpgradeCheck = 1110;
				ORGANIZATIONNAME = "Louis  Valen";
				TargetAttributes = {
					6838F94E2366984900FCC0D0 = {
						CreatedOnToolsVersion = 11.1;
					};
				};
			};
			buildConfigurationList = 6838F94A2366984900FCC0D0 /* Build configuration list for PBXProject "Toko Papa" */;
			compatibilityVersion = "Xcode 9.3";
			developmentRegion = en;
			hasScannedForEncodings = 0;
			knownRegions = (
				en,
				Base,
			);
			mainGroup = 6838F9462366984900FCC0D0;
			productRefGroup = 6838F9502366984900FCC0D0 /* Products */;
			projectDirPath = "";
			projectRoot = "";
			targets = (
				6838F94E2366984900FCC0D0 /* Toko Papa */,
			);
		};
/* End PBXProject section */

/* Begin PBXResourcesBuildPhase section */
		6838F94D2366984900FCC0D0 /* Resources */ = {
			isa = PBXResourcesBuildPhase;
			buildActionMask = 2147483647;
			files = (
				6838F990237130B800FCC0D0 /* Cashier.storyboard in Resources */,
				6838F98B2371309900FCC0D0 /* Report.storyboard in Resources */,
				6838F95F2366984E00FCC0D0 /* LaunchScreen.storyboard in Resources */,
				6838F95C2366984E00FCC0D0 /* Assets.xcassets in Resources */,
				6838F95A2366984900FCC0D0 /* Main.storyboard in Resources */,
				6838F98D237130A900FCC0D0 /* Inventory.storyboard in Resources */,
				6838F992237130CA00FCC0D0 /* Access.storyboard in Resources */,
			);
			runOnlyForDeploymentPostprocessing = 0;
		};
/* End PBXResourcesBuildPhase section */

/* Begin PBXSourcesBuildPhase section */
		6838F94B2366984900FCC0D0 /* Sources */ = {
			isa = PBXSourcesBuildPhase;
			buildActionMask = 2147483647;
			files = (
				FE3ABBCD237278D400E19665 /* calendarViewController.swift in Sources */,
				FE3ABBC92372756700E19665 /* CalendarVars.swift in Sources */,
				6838F9532366984900FCC0D0 /* AppDelegate.swift in Sources */,
				BD0487822372703D002E0586 /* EmployeeProfileCell.swift in Sources */,
				6838F973236FD93000FCC0D0 /* InventoryViewController.swift in Sources */,
				6838F99B23726B4100FCC0D0 /* SatuanBarangTableViewController.swift in Sources */,
				BD8D64AA2371864500A2080D /* EmployeeProfileViewController.swift in Sources */,
				BD04878923729F17002E0586 /* EditEmployeeProfileViewController.swift in Sources */,
				BD048785237280E7002E0586 /* People.swift in Sources */,
				6838F975236FD95900FCC0D0 /* AddInventoryViewController.swift in Sources */,
				BD04878723729EF1002E0586 /* AddEmployeeViewController.swift in Sources */,
				6838F9552366984900FCC0D0 /* SceneDelegate.swift in Sources */,
				6838F99F23727D7A00FCC0D0 /* ImagePickerManager.swift in Sources */,
				BD04878D2372B2FC002E0586 /* AddEmployeeCell.swift in Sources */,
				BD48592D2371699A0058A360 /* EmployeeListViewController.swift in Sources */,
				BD48592F23716ADB0058A360 /* EmployeeListCell.swift in Sources */,
				BD04878B2372B2CA002E0586 /* EditEmployeeCell.swift in Sources */,
				FE906419237129F5002F3463 /* reportViewController.swift in Sources */,
				FE906417237129D2002F3463 /* DateCollectionViewCell.swift in Sources */,
				6838F99D237276D700FCC0D0 /* FilterTableViewController.swift in Sources */,
			);
			runOnlyForDeploymentPostprocessing = 0;
		};
/* End PBXSourcesBuildPhase section */

/* Begin PBXVariantGroup section */
		6838F9582366984900FCC0D0 /* Main.storyboard */ = {
			isa = PBXVariantGroup;
			children = (
				6838F9592366984900FCC0D0 /* Base */,
			);
			name = Main.storyboard;
			sourceTree = "<group>";
		};
		6838F95D2366984E00FCC0D0 /* LaunchScreen.storyboard */ = {
			isa = PBXVariantGroup;
			children = (
				6838F95E2366984E00FCC0D0 /* Base */,
			);
			name = LaunchScreen.storyboard;
			sourceTree = "<group>";
		};
		6838F9892371309900FCC0D0 /* Report.storyboard */ = {
			isa = PBXVariantGroup;
			children = (
				6838F98A2371309900FCC0D0 /* Base */,
			);
			name = Report.storyboard;
			sourceTree = "<group>";
		};
		6838F98E237130B800FCC0D0 /* Cashier.storyboard */ = {
			isa = PBXVariantGroup;
			children = (
				6838F98F237130B800FCC0D0 /* Base */,
			);
			name = Cashier.storyboard;
			sourceTree = "<group>";
		};
/* End PBXVariantGroup section */

/* Begin XCBuildConfiguration section */
		6838F9612366984E00FCC0D0 /* Debug */ = {
			isa = XCBuildConfiguration;
			buildSettings = {
				ALWAYS_SEARCH_USER_PATHS = NO;
				CLANG_ANALYZER_NONNULL = YES;
				CLANG_ANALYZER_NUMBER_OBJECT_CONVERSION = YES_AGGRESSIVE;
				CLANG_CXX_LANGUAGE_STANDARD = "gnu++14";
				CLANG_CXX_LIBRARY = "libc++";
				CLANG_ENABLE_MODULES = YES;
				CLANG_ENABLE_OBJC_ARC = YES;
				CLANG_ENABLE_OBJC_WEAK = YES;
				CLANG_WARN_BLOCK_CAPTURE_AUTORELEASING = YES;
				CLANG_WARN_BOOL_CONVERSION = YES;
				CLANG_WARN_COMMA = YES;
				CLANG_WARN_CONSTANT_CONVERSION = YES;
				CLANG_WARN_DEPRECATED_OBJC_IMPLEMENTATIONS = YES;
				CLANG_WARN_DIRECT_OBJC_ISA_USAGE = YES_ERROR;
				CLANG_WARN_DOCUMENTATION_COMMENTS = YES;
				CLANG_WARN_EMPTY_BODY = YES;
				CLANG_WARN_ENUM_CONVERSION = YES;
				CLANG_WARN_INFINITE_RECURSION = YES;
				CLANG_WARN_INT_CONVERSION = YES;
				CLANG_WARN_NON_LITERAL_NULL_CONVERSION = YES;
				CLANG_WARN_OBJC_IMPLICIT_RETAIN_SELF = YES;
				CLANG_WARN_OBJC_LITERAL_CONVERSION = YES;
				CLANG_WARN_OBJC_ROOT_CLASS = YES_ERROR;
				CLANG_WARN_RANGE_LOOP_ANALYSIS = YES;
				CLANG_WARN_STRICT_PROTOTYPES = YES;
				CLANG_WARN_SUSPICIOUS_MOVE = YES;
				CLANG_WARN_UNGUARDED_AVAILABILITY = YES_AGGRESSIVE;
				CLANG_WARN_UNREACHABLE_CODE = YES;
				CLANG_WARN__DUPLICATE_METHOD_MATCH = YES;
				COPY_PHASE_STRIP = NO;
				DEBUG_INFORMATION_FORMAT = dwarf;
				ENABLE_STRICT_OBJC_MSGSEND = YES;
				ENABLE_TESTABILITY = YES;
				GCC_C_LANGUAGE_STANDARD = gnu11;
				GCC_DYNAMIC_NO_PIC = NO;
				GCC_NO_COMMON_BLOCKS = YES;
				GCC_OPTIMIZATION_LEVEL = 0;
				GCC_PREPROCESSOR_DEFINITIONS = (
					"DEBUG=1",
					"$(inherited)",
				);
				GCC_WARN_64_TO_32_BIT_CONVERSION = YES;
				GCC_WARN_ABOUT_RETURN_TYPE = YES_ERROR;
				GCC_WARN_UNDECLARED_SELECTOR = YES;
				GCC_WARN_UNINITIALIZED_AUTOS = YES_AGGRESSIVE;
				GCC_WARN_UNUSED_FUNCTION = YES;
				GCC_WARN_UNUSED_VARIABLE = YES;
				IPHONEOS_DEPLOYMENT_TARGET = 13.2;
				MTL_ENABLE_DEBUG_INFO = INCLUDE_SOURCE;
				MTL_FAST_MATH = YES;
				ONLY_ACTIVE_ARCH = YES;
				SDKROOT = iphoneos;
				SWIFT_ACTIVE_COMPILATION_CONDITIONS = DEBUG;
				SWIFT_OPTIMIZATION_LEVEL = "-Onone";
			};
			name = Debug;
		};
		6838F9622366984E00FCC0D0 /* Release */ = {
			isa = XCBuildConfiguration;
			buildSettings = {
				ALWAYS_SEARCH_USER_PATHS = NO;
				CLANG_ANALYZER_NONNULL = YES;
				CLANG_ANALYZER_NUMBER_OBJECT_CONVERSION = YES_AGGRESSIVE;
				CLANG_CXX_LANGUAGE_STANDARD = "gnu++14";
				CLANG_CXX_LIBRARY = "libc++";
				CLANG_ENABLE_MODULES = YES;
				CLANG_ENABLE_OBJC_ARC = YES;
				CLANG_ENABLE_OBJC_WEAK = YES;
				CLANG_WARN_BLOCK_CAPTURE_AUTORELEASING = YES;
				CLANG_WARN_BOOL_CONVERSION = YES;
				CLANG_WARN_COMMA = YES;
				CLANG_WARN_CONSTANT_CONVERSION = YES;
				CLANG_WARN_DEPRECATED_OBJC_IMPLEMENTATIONS = YES;
				CLANG_WARN_DIRECT_OBJC_ISA_USAGE = YES_ERROR;
				CLANG_WARN_DOCUMENTATION_COMMENTS = YES;
				CLANG_WARN_EMPTY_BODY = YES;
				CLANG_WARN_ENUM_CONVERSION = YES;
				CLANG_WARN_INFINITE_RECURSION = YES;
				CLANG_WARN_INT_CONVERSION = YES;
				CLANG_WARN_NON_LITERAL_NULL_CONVERSION = YES;
				CLANG_WARN_OBJC_IMPLICIT_RETAIN_SELF = YES;
				CLANG_WARN_OBJC_LITERAL_CONVERSION = YES;
				CLANG_WARN_OBJC_ROOT_CLASS = YES_ERROR;
				CLANG_WARN_RANGE_LOOP_ANALYSIS = YES;
				CLANG_WARN_STRICT_PROTOTYPES = YES;
				CLANG_WARN_SUSPICIOUS_MOVE = YES;
				CLANG_WARN_UNGUARDED_AVAILABILITY = YES_AGGRESSIVE;
				CLANG_WARN_UNREACHABLE_CODE = YES;
				CLANG_WARN__DUPLICATE_METHOD_MATCH = YES;
				COPY_PHASE_STRIP = NO;
				DEBUG_INFORMATION_FORMAT = "dwarf-with-dsym";
				ENABLE_NS_ASSERTIONS = NO;
				ENABLE_STRICT_OBJC_MSGSEND = YES;
				GCC_C_LANGUAGE_STANDARD = gnu11;
				GCC_NO_COMMON_BLOCKS = YES;
				GCC_WARN_64_TO_32_BIT_CONVERSION = YES;
				GCC_WARN_ABOUT_RETURN_TYPE = YES_ERROR;
				GCC_WARN_UNDECLARED_SELECTOR = YES;
				GCC_WARN_UNINITIALIZED_AUTOS = YES_AGGRESSIVE;
				GCC_WARN_UNUSED_FUNCTION = YES;
				GCC_WARN_UNUSED_VARIABLE = YES;
				IPHONEOS_DEPLOYMENT_TARGET = 13.2;
				MTL_ENABLE_DEBUG_INFO = NO;
				MTL_FAST_MATH = YES;
				SDKROOT = iphoneos;
				SWIFT_COMPILATION_MODE = wholemodule;
				SWIFT_OPTIMIZATION_LEVEL = "-O";
				VALIDATE_PRODUCT = YES;
			};
			name = Release;
		};
		6838F9642366984E00FCC0D0 /* Debug */ = {
			isa = XCBuildConfiguration;
			buildSettings = {
				ASSETCATALOG_COMPILER_APPICON_NAME = AppIcon;
				CODE_SIGN_ENTITLEMENTS = "Toko Papa/Toko Papa.entitlements";
				CODE_SIGN_STYLE = Automatic;
				DEVELOPMENT_TEAM = VZX6G92869;
				INFOPLIST_FILE = "Toko Papa/Info.plist";
				IPHONEOS_DEPLOYMENT_TARGET = 13.0;
				LD_RUNPATH_SEARCH_PATHS = (
					"$(inherited)",
					"@executable_path/Frameworks",
				);
				PRODUCT_BUNDLE_IDENTIFIER = "Louis.Toko-Papa";
				PRODUCT_NAME = "$(TARGET_NAME)";
				SWIFT_VERSION = 5.0;
				TARGETED_DEVICE_FAMILY = "1,2";
			};
			name = Debug;
		};
		6838F9652366984E00FCC0D0 /* Release */ = {
			isa = XCBuildConfiguration;
			buildSettings = {
				ASSETCATALOG_COMPILER_APPICON_NAME = AppIcon;
				CODE_SIGN_ENTITLEMENTS = "Toko Papa/Toko Papa.entitlements";
				CODE_SIGN_STYLE = Automatic;
				DEVELOPMENT_TEAM = VZX6G92869;
				INFOPLIST_FILE = "Toko Papa/Info.plist";
				IPHONEOS_DEPLOYMENT_TARGET = 13.0;
				LD_RUNPATH_SEARCH_PATHS = (
					"$(inherited)",
					"@executable_path/Frameworks",
				);
				PRODUCT_BUNDLE_IDENTIFIER = "Louis.Toko-Papa";
				PRODUCT_NAME = "$(TARGET_NAME)";
				SWIFT_VERSION = 5.0;
				TARGETED_DEVICE_FAMILY = "1,2";
			};
			name = Release;
		};
/* End XCBuildConfiguration section */

/* Begin XCConfigurationList section */
		6838F94A2366984900FCC0D0 /* Build configuration list for PBXProject "Toko Papa" */ = {
			isa = XCConfigurationList;
			buildConfigurations = (
				6838F9612366984E00FCC0D0 /* Debug */,
				6838F9622366984E00FCC0D0 /* Release */,
			);
			defaultConfigurationIsVisible = 0;
			defaultConfigurationName = Release;
		};
		6838F9632366984E00FCC0D0 /* Build configuration list for PBXNativeTarget "Toko Papa" */ = {
			isa = XCConfigurationList;
			buildConfigurations = (
				6838F9642366984E00FCC0D0 /* Debug */,
				6838F9652366984E00FCC0D0 /* Release */,
			);
			defaultConfigurationIsVisible = 0;
			defaultConfigurationName = Release;
		};
/* End XCConfigurationList section */
	};
	rootObject = 6838F9472366984900FCC0D0 /* Project object */;
}
